
Microsoft Visual Studio Solution File, Format Version 12.00
# Visual Studio Version 16
VisualStudioVersion = 16.0.29519.87
MinimumVisualStudioVersion = 10.0.40219.1
Project("{9A19103F-16F7-4668-BE54-9A1E7A4F7556}") = "MontyClt.Bui", "MontyClt.Bui\MontyClt.Bui.csproj", "{CC581077-B471-4735-9DB8-A2751135D31A}"
EndProject
Project("{9A19103F-16F7-4668-BE54-9A1E7A4F7556}") = "MontyClt.Bui.Usage", "MontyClt.Bui.Usage\MontyClt.Bui.Usage.csproj", "{86EA90B2-DBC8-46EA-B415-05A4AA47AD84}"
EndProject
Global
	GlobalSection(SolutionConfigurationPlatforms) = preSolution
		Debug|Any CPU = Debug|Any CPU
		Release|Any CPU = Release|Any CPU
	EndGlobalSection
	GlobalSection(ProjectConfigurationPlatforms) = postSolution
		{CC581077-B471-4735-9DB8-A2751135D31A}.Debug|Any CPU.ActiveCfg = Debug|Any CPU
		{CC581077-B471-4735-9DB8-A2751135D31A}.Debug|Any CPU.Build.0 = Debug|Any CPU
		{CC581077-B471-4735-9DB8-A2751135D31A}.Release|Any CPU.ActiveCfg = Release|Any CPU
		{CC581077-B471-4735-9DB8-A2751135D31A}.Release|Any CPU.Build.0 = Release|Any CPU
		{86EA90B2-DBC8-46EA-B415-05A4AA47AD84}.Debug|Any CPU.ActiveCfg = Debug|Any CPU
		{86EA90B2-DBC8-46EA-B415-05A4AA47AD84}.Debug|Any CPU.Build.0 = Debug|Any CPU
		{86EA90B2-DBC8-46EA-B415-05A4AA47AD84}.Release|Any CPU.ActiveCfg = Release|Any CPU
		{86EA90B2-DBC8-46EA-B415-05A4AA47AD84}.Release|Any CPU.Build.0 = Release|Any CPU
	EndGlobalSection
	GlobalSection(SolutionProperties) = preSolution
		HideSolutionNode = FALSE
	EndGlobalSection
	GlobalSection(ExtensibilityGlobals) = postSolution
		SolutionGuid = {BBF5D376-9127-4CB7-9BDA-BD91486A53AE}
	EndGlobalSection
EndGlobal
